
Microsoft Visual Studio Solution File, Format Version 12.00
# Visual Studio Version 17
VisualStudioVersion = 17.2.32630.192
MinimumVisualStudioVersion = 10.0.40219.1
Project("{2150E333-8FDC-42A3-9474-1A3956D46DE8}") = "API", "API", "{A927F3DF-8B08-44D5-B1BC-6D8EF65D8897}"
EndProject
Project("{9A19103F-16F7-4668-BE54-9A1E7A4F7556}") = "Net6CqrsTemplate.API", "Net6CqrsTemplate.API\Net6CqrsTemplate.API.csproj", "{35D485E2-D9BB-49F3-9A31-6350BB90E098}"
EndProject
Project("{E53339B2-1760-4266-BCC7-CA923CBCF16C}") = "docker-compose", "docker-compose.dcproj", "{8FC4D57B-B50D-4A95-BA4A-CA36221F1B84}"
EndProject
Project("{9A19103F-16F7-4668-BE54-9A1E7A4F7556}") = "Net6CqrsTemplate.Application", "Net6CqrsTemplate.Application\Net6CqrsTemplate.Application.csproj", "{77793FFC-C348-40F8-B5F3-51E72F842283}"
EndProject
Project("{2150E333-8FDC-42A3-9474-1A3956D46DE8}") = "Core", "Core", "{11FCF548-EB18-47F4-9082-5F3BF671C133}"
EndProject
Project("{9A19103F-16F7-4668-BE54-9A1E7A4F7556}") = "Net6CqrsTemplate.Domain", "Net6CqrsTemplate.Domain\Net6CqrsTemplate.Domain.csproj", "{AC7EF673-5795-4F4C-B5BA-74DEADD21542}"
EndProject
Project("{2150E333-8FDC-42A3-9474-1A3956D46DE8}") = "Infrastructure", "Infrastructure", "{B41BB705-F5FF-484E-87C8-4F414E57C4CB}"
EndProject
Project("{9A19103F-16F7-4668-BE54-9A1E7A4F7556}") = "Net6CqrsTemplate.Persistence", "Net6CqrsTemplate.Persistence\Net6CqrsTemplate.Persistence.csproj", "{5029F62E-27F8-4272-8CB3-7FC32DC96D22}"
EndProject
Global
	GlobalSection(SolutionConfigurationPlatforms) = preSolution
		Debug|Any CPU = Debug|Any CPU
		Release|Any CPU = Release|Any CPU
	EndGlobalSection
	GlobalSection(ProjectConfigurationPlatforms) = postSolution
		{35D485E2-D9BB-49F3-9A31-6350BB90E098}.Debug|Any CPU.ActiveCfg = Debug|Any CPU
		{35D485E2-D9BB-49F3-9A31-6350BB90E098}.Debug|Any CPU.Build.0 = Debug|Any CPU
		{35D485E2-D9BB-49F3-9A31-6350BB90E098}.Release|Any CPU.ActiveCfg = Release|Any CPU
		{35D485E2-D9BB-49F3-9A31-6350BB90E098}.Release|Any CPU.Build.0 = Release|Any CPU
		{8FC4D57B-B50D-4A95-BA4A-CA36221F1B84}.Debug|Any CPU.ActiveCfg = Debug|Any CPU
		{8FC4D57B-B50D-4A95-BA4A-CA36221F1B84}.Debug|Any CPU.Build.0 = Debug|Any CPU
		{8FC4D57B-B50D-4A95-BA4A-CA36221F1B84}.Release|Any CPU.ActiveCfg = Release|Any CPU
		{8FC4D57B-B50D-4A95-BA4A-CA36221F1B84}.Release|Any CPU.Build.0 = Release|Any CPU
		{77793FFC-C348-40F8-B5F3-51E72F842283}.Debug|Any CPU.ActiveCfg = Debug|Any CPU
		{77793FFC-C348-40F8-B5F3-51E72F842283}.Debug|Any CPU.Build.0 = Debug|Any CPU
		{77793FFC-C348-40F8-B5F3-51E72F842283}.Release|Any CPU.ActiveCfg = Release|Any CPU
		{77793FFC-C348-40F8-B5F3-51E72F842283}.Release|Any CPU.Build.0 = Release|Any CPU
		{AC7EF673-5795-4F4C-B5BA-74DEADD21542}.Debug|Any CPU.ActiveCfg = Debug|Any CPU
		{AC7EF673-5795-4F4C-B5BA-74DEADD21542}.Debug|Any CPU.Build.0 = Debug|Any CPU
		{AC7EF673-5795-4F4C-B5BA-74DEADD21542}.Release|Any CPU.ActiveCfg = Release|Any CPU
		{AC7EF673-5795-4F4C-B5BA-74DEADD21542}.Release|Any CPU.Build.0 = Release|Any CPU
		{5029F62E-27F8-4272-8CB3-7FC32DC96D22}.Debug|Any CPU.ActiveCfg = Debug|Any CPU
		{5029F62E-27F8-4272-8CB3-7FC32DC96D22}.Debug|Any CPU.Build.0 = Debug|Any CPU
		{5029F62E-27F8-4272-8CB3-7FC32DC96D22}.Release|Any CPU.ActiveCfg = Release|Any CPU
		{5029F62E-27F8-4272-8CB3-7FC32DC96D22}.Release|Any CPU.Build.0 = Release|Any CPU
	EndGlobalSection
	GlobalSection(SolutionProperties) = preSolution
		HideSolutionNode = FALSE
	EndGlobalSection
	GlobalSection(NestedProjects) = preSolution
		{35D485E2-D9BB-49F3-9A31-6350BB90E098} = {A927F3DF-8B08-44D5-B1BC-6D8EF65D8897}
		{77793FFC-C348-40F8-B5F3-51E72F842283} = {11FCF548-EB18-47F4-9082-5F3BF671C133}
		{AC7EF673-5795-4F4C-B5BA-74DEADD21542} = {11FCF548-EB18-47F4-9082-5F3BF671C133}
		{5029F62E-27F8-4272-8CB3-7FC32DC96D22} = {B41BB705-F5FF-484E-87C8-4F414E57C4CB}
	EndGlobalSection
	GlobalSection(ExtensibilityGlobals) = postSolution
		SolutionGuid = {BAA61EB2-5F3B-40E0-9C1A-C4A9EAA38664}
	EndGlobalSection
EndGlobal
